
Microsoft Visual Studio Solution File, Format Version 12.00
# Visual Studio 15
VisualStudioVersion = 15.0.28010.2046
MinimumVisualStudioVersion = 10.0.40219.1
Project("{FAE04EC0-301F-11D3-BF4B-00C04F79EFBC}") = "TestInternalClass", "TestInternalClass\TestInternalClass.csproj", "{412B5F2B-C71B-4078-B1E2-04FC919AA6DD}"
EndProject
Global
	GlobalSection(SolutionConfigurationPlatforms) = preSolution
		Debug|Any CPU = Debug|Any CPU
		Release|Any CPU = Release|Any CPU
	EndGlobalSection
	GlobalSection(ProjectConfigurationPlatforms) = postSolution
		{412B5F2B-C71B-4078-B1E2-04FC919AA6DD}.Debug|Any CPU.ActiveCfg = Debug|Any CPU
		{412B5F2B-C71B-4078-B1E2-04FC919AA6DD}.Debug|Any CPU.Build.0 = Debug|Any CPU
		{412B5F2B-C71B-4078-B1E2-04FC919AA6DD}.Release|Any CPU.ActiveCfg = Release|Any CPU
		{412B5F2B-C71B-4078-B1E2-04FC919AA6DD}.Release|Any CPU.Build.0 = Release|Any CPU
	EndGlobalSection
	GlobalSection(SolutionProperties) = preSolution
		HideSolutionNode = FALSE
	EndGlobalSection
	GlobalSection(ExtensibilityGlobals) = postSolution
		SolutionGuid = {A9C5F9C4-FB73-42D2-8CFC-70D6CA8B0F5E}
	EndGlobalSection
EndGlobal
