
Microsoft Visual Studio Solution File, Format Version 12.00
# Visual Studio 15
VisualStudioVersion = 15.0.28010.2046
MinimumVisualStudioVersion = 10.0.40219.1
Project("{FAE04EC0-301F-11D3-BF4B-00C04F79EFBC}") = "Nurt.Bakery.Model", "Nurt.Bakery.Model\Nurt.Bakery.Model.csproj", "{8B6337D3-15E4-434F-851F-66CB44EDF84B}"
EndProject
Project("{FAE04EC0-301F-11D3-BF4B-00C04F79EFBC}") = "Nurt.Bakery.Repository", "Nurt.Bakery.Repository\Nurt.Bakery.Repository.csproj", "{4CC7C11A-77B9-49ED-A48B-1585FB8C8B6B}"
EndProject
Global
	GlobalSection(SolutionConfigurationPlatforms) = preSolution
		Debug|Any CPU = Debug|Any CPU
		Release|Any CPU = Release|Any CPU
	EndGlobalSection
	GlobalSection(ProjectConfigurationPlatforms) = postSolution
		{8B6337D3-15E4-434F-851F-66CB44EDF84B}.Debug|Any CPU.ActiveCfg = Debug|Any CPU
		{8B6337D3-15E4-434F-851F-66CB44EDF84B}.Debug|Any CPU.Build.0 = Debug|Any CPU
		{8B6337D3-15E4-434F-851F-66CB44EDF84B}.Release|Any CPU.ActiveCfg = Release|Any CPU
		{8B6337D3-15E4-434F-851F-66CB44EDF84B}.Release|Any CPU.Build.0 = Release|Any CPU
		{4CC7C11A-77B9-49ED-A48B-1585FB8C8B6B}.Debug|Any CPU.ActiveCfg = Debug|Any CPU
		{4CC7C11A-77B9-49ED-A48B-1585FB8C8B6B}.Debug|Any CPU.Build.0 = Debug|Any CPU
		{4CC7C11A-77B9-49ED-A48B-1585FB8C8B6B}.Release|Any CPU.ActiveCfg = Release|Any CPU
		{4CC7C11A-77B9-49ED-A48B-1585FB8C8B6B}.Release|Any CPU.Build.0 = Release|Any CPU
	EndGlobalSection
	GlobalSection(SolutionProperties) = preSolution
		HideSolutionNode = FALSE
	EndGlobalSection
	GlobalSection(ExtensibilityGlobals) = postSolution
		SolutionGuid = {A9C5F9C4-FB73-42D2-8CFC-70D6CA8B0F5E}
	EndGlobalSection
EndGlobal
